
Microsoft Visual Studio Solution File, Format Version 12.00
# Visual Studio Version 16
VisualStudioVersion = 16.0.29409.12
MinimumVisualStudioVersion = 10.0.40219.1
Project("{FAE04EC0-301F-11D3-BF4B-00C04F79EFBC}") = "ExpensesAPI", "ExpensesAPI\ExpensesAPI.csproj", "{F443AE46-3772-42F8-884D-104035025FD3}"
EndProject
Global
	GlobalSection(SolutionConfigurationPlatforms) = preSolution
		Debug|Any CPU = Debug|Any CPU
		Release|Any CPU = Release|Any CPU
	EndGlobalSection
	GlobalSection(ProjectConfigurationPlatforms) = postSolution
		{F443AE46-3772-42F8-884D-104035025FD3}.Debug|Any CPU.ActiveCfg = Debug|Any CPU
		{F443AE46-3772-42F8-884D-104035025FD3}.Debug|Any CPU.Build.0 = Debug|Any CPU
		{F443AE46-3772-42F8-884D-104035025FD3}.Release|Any CPU.ActiveCfg = Release|Any CPU
		{F443AE46-3772-42F8-884D-104035025FD3}.Release|Any CPU.Build.0 = Release|Any CPU
	EndGlobalSection
	GlobalSection(SolutionProperties) = preSolution
		HideSolutionNode = FALSE
	EndGlobalSection
	GlobalSection(ExtensibilityGlobals) = postSolution
		SolutionGuid = {A6BAA4C1-FEC4-4EFF-A938-2E512FF141E6}
	EndGlobalSection
EndGlobal
